<?xml version="1.0" encoding="utf-8"?>
<Project ToolsVersion="16.0" xmlns="http://schemas.microsoft.com/developer/msbuild/2003">
  <ItemGroup>
    <CustomBuild Include="D:\cocos2d-x-4.0\win32-build\CMakeFiles\515c78daf0967ea44de4d7ed728c809c\SYNC_RESOURCE-lua-tests.rule">
      <Filter>CMake Rules</Filter>
    </CustomBuild>
    <CustomBuild Include="D:\cocos2d-x-4.0\tests\lua-tests\project\CMakeLists.txt" />
  </ItemGroup>
  <ItemGroup>
    <None Include="D:\cocos2d-x-4.0\win32-build\engine\tests\lua-test\CMakeFiles\SYNC_RESOURCE-lua-tests" />
  </ItemGroup>
  <ItemGroup>
    <Filter Include="CMake Rules">
      <UniqueIdentifier>{152B5BF6-7424-3F75-9542-96B5D15BC3A1}</UniqueIdentifier>
    </Filter>
  </ItemGroup>
</Project>
