Microsoft Visual Studio Solution File, Format Version 12.00
# Visual Studio 16
Project("{2150E333-8FDC-42A3-9474-1A3956D46DE8}") = "CMakePredefinedTargets", "CMakePredefinedTargets", "{70756B09-F883-31E4-AF52-5641E85B0A6E}"
EndProject
Project("{2150E333-8FDC-42A3-9474-1A3956D46DE8}") = "External", "External", "{8F2A32FF-E745-392A-AE06-8BE837517699}"
EndProject
Project("{2150E333-8FDC-42A3-9474-1A3956D46DE8}") = "Internal", "Internal", "{DC8CACD2-D55A-3AEE-B06E-F0D813FAFD2E}"
EndProject
Project("{2150E333-8FDC-42A3-9474-1A3956D46DE8}") = "Utils", "Utils", "{AB49ACC9-FFAC-3BF2-867C-76CF65A10307}"
EndProject
Project("{8BC9CEB8-8B4A-11D0-8D11-00A0C91BC942}") = "ALL_BUILD", "ALL_BUILD.vcxproj", "{B389E64A-658F-3FD2-9DD1-5D0EA1F49DEF}"
	ProjectSection(ProjectDependencies) = postProject
		{213CA9CD-543A-3224-844B-F4323385B422} = {213CA9CD-543A-3224-844B-F4323385B422}
		{97333B05-8A6E-3445-8FAF-C734AC776193} = {97333B05-8A6E-3445-8FAF-C734AC776193}
		{ADBE8EC9-B904-3D86-B3C8-00C3A699DC27} = {ADBE8EC9-B904-3D86-B3C8-00C3A699DC27}
	EndProjectSection
EndProject
Project("{8BC9CEB8-8B4A-11D0-8D11-00A0C91BC942}") = "SYNC_RESOURCE-cpp-tests", "SYNC_RESOURCE-cpp-tests.vcxproj", "{213CA9CD-543A-3224-844B-F4323385B422}"
	ProjectSection(ProjectDependencies) = postProject
		{97333B05-8A6E-3445-8FAF-C734AC776193} = {97333B05-8A6E-3445-8FAF-C734AC776193}
	EndProjectSection
EndProject
Project("{8BC9CEB8-8B4A-11D0-8D11-00A0C91BC942}") = "ZERO_CHECK", "..\..\..\\ZERO_CHECK.vcxproj", "{97333B05-8A6E-3445-8FAF-C734AC776193}"
	ProjectSection(ProjectDependencies) = postProject
	EndProjectSection
EndProject
Project("{8BC9CEB8-8B4A-11D0-8D11-00A0C91BC942}") = "cocos2d", "..\..\cocos\core\cocos2d.vcxproj", "{16A5FE30-B67D-3B05-8C15-77EA2352697A}"
	ProjectSection(ProjectDependencies) = postProject
		{97333B05-8A6E-3445-8FAF-C734AC776193} = {97333B05-8A6E-3445-8FAF-C734AC776193}
		{39DBD0F3-104B-3C19-B15A-5907B0E2A6E8} = {39DBD0F3-104B-3C19-B15A-5907B0E2A6E8}
		{35E24A02-8BCE-34D0-A9C8-B36EEF4C49D4} = {35E24A02-8BCE-34D0-A9C8-B36EEF4C49D4}
		{C026B485-758F-3EB3-AA0E-534EF9A36A88} = {C026B485-758F-3EB3-AA0E-534EF9A36A88}
		{827DB545-5658-3B83-82F0-EBB82FC05AC1} = {827DB545-5658-3B83-82F0-EBB82FC05AC1}
		{5FD6ABDF-FBC4-32FB-BD29-06F060BD304A} = {5FD6ABDF-FBC4-32FB-BD29-06F060BD304A}
		{FEAB925D-0DEA-312A-A9D1-F94A486CBD43} = {FEAB925D-0DEA-312A-A9D1-F94A486CBD43}
		{D665D7B8-3EC5-3C4B-9005-7A3702F64B36} = {D665D7B8-3EC5-3C4B-9005-7A3702F64B36}
		{49AE0A20-6239-3779-A6CE-067CC83D4981} = {49AE0A20-6239-3779-A6CE-067CC83D4981}
		{EEB541A7-CC69-30C8-BBE6-07DF3B0B4443} = {EEB541A7-CC69-30C8-BBE6-07DF3B0B4443}
		{BD6BED7C-0AAE-39BB-8C09-5A96D0D82DE5} = {BD6BED7C-0AAE-39BB-8C09-5A96D0D82DE5}
		{729AF0E6-024A-355F-9457-86CC3CD0625E} = {729AF0E6-024A-355F-9457-86CC3CD0625E}
	EndProjectSection
EndProject
Project("{8BC9CEB8-8B4A-11D0-8D11-00A0C91BC942}") = "cpp-tests", "cpp-tests.vcxproj", "{ADBE8EC9-B904-3D86-B3C8-00C3A699DC27}"
	ProjectSection(ProjectDependencies) = postProject
		{213CA9CD-543A-3224-844B-F4323385B422} = {213CA9CD-543A-3224-844B-F4323385B422}
		{97333B05-8A6E-3445-8FAF-C734AC776193} = {97333B05-8A6E-3445-8FAF-C734AC776193}
		{16A5FE30-B67D-3B05-8C15-77EA2352697A} = {16A5FE30-B67D-3B05-8C15-77EA2352697A}
		{39DBD0F3-104B-3C19-B15A-5907B0E2A6E8} = {39DBD0F3-104B-3C19-B15A-5907B0E2A6E8}
		{35E24A02-8BCE-34D0-A9C8-B36EEF4C49D4} = {35E24A02-8BCE-34D0-A9C8-B36EEF4C49D4}
		{C026B485-758F-3EB3-AA0E-534EF9A36A88} = {C026B485-758F-3EB3-AA0E-534EF9A36A88}
		{827DB545-5658-3B83-82F0-EBB82FC05AC1} = {827DB545-5658-3B83-82F0-EBB82FC05AC1}
		{5FD6ABDF-FBC4-32FB-BD29-06F060BD304A} = {5FD6ABDF-FBC4-32FB-BD29-06F060BD304A}
		{FEAB925D-0DEA-312A-A9D1-F94A486CBD43} = {FEAB925D-0DEA-312A-A9D1-F94A486CBD43}
		{D665D7B8-3EC5-3C4B-9005-7A3702F64B36} = {D665D7B8-3EC5-3C4B-9005-7A3702F64B36}
		{49AE0A20-6239-3779-A6CE-067CC83D4981} = {49AE0A20-6239-3779-A6CE-067CC83D4981}
		{EEB541A7-CC69-30C8-BBE6-07DF3B0B4443} = {EEB541A7-CC69-30C8-BBE6-07DF3B0B4443}
		{BD6BED7C-0AAE-39BB-8C09-5A96D0D82DE5} = {BD6BED7C-0AAE-39BB-8C09-5A96D0D82DE5}
		{729AF0E6-024A-355F-9457-86CC3CD0625E} = {729AF0E6-024A-355F-9457-86CC3CD0625E}
	EndProjectSection
EndProject
Project("{8BC9CEB8-8B4A-11D0-8D11-00A0C91BC942}") = "ext_clipper", "..\..\external\clipper\ext_clipper.vcxproj", "{39DBD0F3-104B-3C19-B15A-5907B0E2A6E8}"
	ProjectSection(ProjectDependencies) = postProject
		{97333B05-8A6E-3445-8FAF-C734AC776193} = {97333B05-8A6E-3445-8FAF-C734AC776193}
	EndProjectSection
EndProject
Project("{8BC9CEB8-8B4A-11D0-8D11-00A0C91BC942}") = "ext_convertUTF", "..\..\external\ConvertUTF\ext_convertUTF.vcxproj", "{35E24A02-8BCE-34D0-A9C8-B36EEF4C49D4}"
	ProjectSection(ProjectDependencies) = postProject
		{97333B05-8A6E-3445-8FAF-C734AC776193} = {97333B05-8A6E-3445-8FAF-C734AC776193}
	EndProjectSection
EndProject
Project("{8BC9CEB8-8B4A-11D0-8D11-00A0C91BC942}") = "ext_edtaa3func", "..\..\external\edtaa3func\ext_edtaa3func.vcxproj", "{C026B485-758F-3EB3-AA0E-534EF9A36A88}"
	ProjectSection(ProjectDependencies) = postProject
		{97333B05-8A6E-3445-8FAF-C734AC776193} = {97333B05-8A6E-3445-8FAF-C734AC776193}
	EndProjectSection
EndProject
Project("{8BC9CEB8-8B4A-11D0-8D11-00A0C91BC942}") = "ext_md5", "..\..\external\md5\ext_md5.vcxproj", "{827DB545-5658-3B83-82F0-EBB82FC05AC1}"
	ProjectSection(ProjectDependencies) = postProject
		{97333B05-8A6E-3445-8FAF-C734AC776193} = {97333B05-8A6E-3445-8FAF-C734AC776193}
	EndProjectSection
EndProject
Project("{8BC9CEB8-8B4A-11D0-8D11-00A0C91BC942}") = "ext_poly2tri", "..\..\external\poly2tri\ext_poly2tri.vcxproj", "{5FD6ABDF-FBC4-32FB-BD29-06F060BD304A}"
	ProjectSection(ProjectDependencies) = postProject
		{97333B05-8A6E-3445-8FAF-C734AC776193} = {97333B05-8A6E-3445-8FAF-C734AC776193}
	EndProjectSection
EndProject
Project("{8BC9CEB8-8B4A-11D0-8D11-00A0C91BC942}") = "ext_recast", "..\..\external\recast\ext_recast.vcxproj", "{FEAB925D-0DEA-312A-A9D1-F94A486CBD43}"
	ProjectSection(ProjectDependencies) = postProject
		{97333B05-8A6E-3445-8FAF-C734AC776193} = {97333B05-8A6E-3445-8FAF-C734AC776193}
	EndProjectSection
EndProject
Project("{8BC9CEB8-8B4A-11D0-8D11-00A0C91BC942}") = "ext_tinyxml2", "..\..\external\tinyxml2\ext_tinyxml2.vcxproj", "{D665D7B8-3EC5-3C4B-9005-7A3702F64B36}"
	ProjectSection(ProjectDependencies) = postProject
		{97333B05-8A6E-3445-8FAF-C734AC776193} = {97333B05-8A6E-3445-8FAF-C734AC776193}
	EndProjectSection
EndProject
Project("{8BC9CEB8-8B4A-11D0-8D11-00A0C91BC942}") = "ext_unzip", "..\..\external\unzip\ext_unzip.vcxproj", "{49AE0A20-6239-3779-A6CE-067CC83D4981}"
	ProjectSection(ProjectDependencies) = postProject
		{97333B05-8A6E-3445-8FAF-C734AC776193} = {97333B05-8A6E-3445-8FAF-C734AC776193}
	EndProjectSection
EndProject
Project("{8BC9CEB8-8B4A-11D0-8D11-00A0C91BC942}") = "ext_xxhash", "..\..\external\xxhash\ext_xxhash.vcxproj", "{EEB541A7-CC69-30C8-BBE6-07DF3B0B4443}"
	ProjectSection(ProjectDependencies) = postProject
		{97333B05-8A6E-3445-8FAF-C734AC776193} = {97333B05-8A6E-3445-8FAF-C734AC776193}
	EndProjectSection
EndProject
Project("{8BC9CEB8-8B4A-11D0-8D11-00A0C91BC942}") = "ext_xxtea", "..\..\external\xxtea\ext_xxtea.vcxproj", "{BD6BED7C-0AAE-39BB-8C09-5A96D0D82DE5}"
	ProjectSection(ProjectDependencies) = postProject
		{97333B05-8A6E-3445-8FAF-C734AC776193} = {97333B05-8A6E-3445-8FAF-C734AC776193}
	EndProjectSection
EndProject
Project("{8BC9CEB8-8B4A-11D0-8D11-00A0C91BC942}") = "external", "..\..\external\external.vcxproj", "{729AF0E6-024A-355F-9457-86CC3CD0625E}"
	ProjectSection(ProjectDependencies) = postProject
		{97333B05-8A6E-3445-8FAF-C734AC776193} = {97333B05-8A6E-3445-8FAF-C734AC776193}
		{39DBD0F3-104B-3C19-B15A-5907B0E2A6E8} = {39DBD0F3-104B-3C19-B15A-5907B0E2A6E8}
		{35E24A02-8BCE-34D0-A9C8-B36EEF4C49D4} = {35E24A02-8BCE-34D0-A9C8-B36EEF4C49D4}
		{C026B485-758F-3EB3-AA0E-534EF9A36A88} = {C026B485-758F-3EB3-AA0E-534EF9A36A88}
		{827DB545-5658-3B83-82F0-EBB82FC05AC1} = {827DB545-5658-3B83-82F0-EBB82FC05AC1}
		{5FD6ABDF-FBC4-32FB-BD29-06F060BD304A} = {5FD6ABDF-FBC4-32FB-BD29-06F060BD304A}
		{FEAB925D-0DEA-312A-A9D1-F94A486CBD43} = {FEAB925D-0DEA-312A-A9D1-F94A486CBD43}
		{D665D7B8-3EC5-3C4B-9005-7A3702F64B36} = {D665D7B8-3EC5-3C4B-9005-7A3702F64B36}
		{49AE0A20-6239-3779-A6CE-067CC83D4981} = {49AE0A20-6239-3779-A6CE-067CC83D4981}
		{EEB541A7-CC69-30C8-BBE6-07DF3B0B4443} = {EEB541A7-CC69-30C8-BBE6-07DF3B0B4443}
		{BD6BED7C-0AAE-39BB-8C09-5A96D0D82DE5} = {BD6BED7C-0AAE-39BB-8C09-5A96D0D82DE5}
	EndProjectSection
EndProject
Global
	GlobalSection(SolutionConfigurationPlatforms) = preSolution
		Debug|Win32 = Debug|Win32
		Release|Win32 = Release|Win32
		MinSizeRel|Win32 = MinSizeRel|Win32
		RelWithDebInfo|Win32 = RelWithDebInfo|Win32
	EndGlobalSection
	GlobalSection(ProjectConfigurationPlatforms) = postSolution
		{B389E64A-658F-3FD2-9DD1-5D0EA1F49DEF}.Debug|Win32.ActiveCfg = Debug|Win32
		{B389E64A-658F-3FD2-9DD1-5D0EA1F49DEF}.Release|Win32.ActiveCfg = Release|Win32
		{B389E64A-658F-3FD2-9DD1-5D0EA1F49DEF}.MinSizeRel|Win32.ActiveCfg = MinSizeRel|Win32
		{B389E64A-658F-3FD2-9DD1-5D0EA1F49DEF}.RelWithDebInfo|Win32.ActiveCfg = RelWithDebInfo|Win32
		{213CA9CD-543A-3224-844B-F4323385B422}.Debug|Win32.ActiveCfg = Debug|Win32
		{213CA9CD-543A-3224-844B-F4323385B422}.Debug|Win32.Build.0 = Debug|Win32
		{213CA9CD-543A-3224-844B-F4323385B422}.Release|Win32.ActiveCfg = Release|Win32
		{213CA9CD-543A-3224-844B-F4323385B422}.Release|Win32.Build.0 = Release|Win32
		{213CA9CD-543A-3224-844B-F4323385B422}.MinSizeRel|Win32.ActiveCfg = MinSizeRel|Win32
		{213CA9CD-543A-3224-844B-F4323385B422}.MinSizeRel|Win32.Build.0 = MinSizeRel|Win32
		{213CA9CD-543A-3224-844B-F4323385B422}.RelWithDebInfo|Win32.ActiveCfg = RelWithDebInfo|Win32
		{213CA9CD-543A-3224-844B-F4323385B422}.RelWithDebInfo|Win32.Build.0 = RelWithDebInfo|Win32
		{97333B05-8A6E-3445-8FAF-C734AC776193}.Debug|Win32.ActiveCfg = Debug|Win32
		{97333B05-8A6E-3445-8FAF-C734AC776193}.Debug|Win32.Build.0 = Debug|Win32
		{97333B05-8A6E-3445-8FAF-C734AC776193}.Release|Win32.ActiveCfg = Release|Win32
		{97333B05-8A6E-3445-8FAF-C734AC776193}.Release|Win32.Build.0 = Release|Win32
		{97333B05-8A6E-3445-8FAF-C734AC776193}.MinSizeRel|Win32.ActiveCfg = MinSizeRel|Win32
		{97333B05-8A6E-3445-8FAF-C734AC776193}.MinSizeRel|Win32.Build.0 = MinSizeRel|Win32
		{97333B05-8A6E-3445-8FAF-C734AC776193}.RelWithDebInfo|Win32.ActiveCfg = RelWithDebInfo|Win32
		{97333B05-8A6E-3445-8FAF-C734AC776193}.RelWithDebInfo|Win32.Build.0 = RelWithDebInfo|Win32
		{16A5FE30-B67D-3B05-8C15-77EA2352697A}.Debug|Win32.ActiveCfg = Debug|Win32
		{16A5FE30-B67D-3B05-8C15-77EA2352697A}.Debug|Win32.Build.0 = Debug|Win32
		{16A5FE30-B67D-3B05-8C15-77EA2352697A}.Release|Win32.ActiveCfg = Release|Win32
		{16A5FE30-B67D-3B05-8C15-77EA2352697A}.Release|Win32.Build.0 = Release|Win32
		{16A5FE30-B67D-3B05-8C15-77EA2352697A}.MinSizeRel|Win32.ActiveCfg = MinSizeRel|Win32
		{16A5FE30-B67D-3B05-8C15-77EA2352697A}.MinSizeRel|Win32.Build.0 = MinSizeRel|Win32
		{16A5FE30-B67D-3B05-8C15-77EA2352697A}.RelWithDebInfo|Win32.ActiveCfg = RelWithDebInfo|Win32
		{16A5FE30-B67D-3B05-8C15-77EA2352697A}.RelWithDebInfo|Win32.Build.0 = RelWithDebInfo|Win32
		{ADBE8EC9-B904-3D86-B3C8-00C3A699DC27}.Debug|Win32.ActiveCfg = Debug|Win32
		{ADBE8EC9-B904-3D86-B3C8-00C3A699DC27}.Debug|Win32.Build.0 = Debug|Win32
		{ADBE8EC9-B904-3D86-B3C8-00C3A699DC27}.Release|Win32.ActiveCfg = Release|Win32
		{ADBE8EC9-B904-3D86-B3C8-00C3A699DC27}.Release|Win32.Build.0 = Release|Win32
		{ADBE8EC9-B904-3D86-B3C8-00C3A699DC27}.MinSizeRel|Win32.ActiveCfg = MinSizeRel|Win32
		{ADBE8EC9-B904-3D86-B3C8-00C3A699DC27}.MinSizeRel|Win32.Build.0 = MinSizeRel|Win32
		{ADBE8EC9-B904-3D86-B3C8-00C3A699DC27}.RelWithDebInfo|Win32.ActiveCfg = RelWithDebInfo|Win32
		{ADBE8EC9-B904-3D86-B3C8-00C3A699DC27}.RelWithDebInfo|Win32.Build.0 = RelWithDebInfo|Win32
		{39DBD0F3-104B-3C19-B15A-5907B0E2A6E8}.Debug|Win32.ActiveCfg = Debug|Win32
		{39DBD0F3-104B-3C19-B15A-5907B0E2A6E8}.Debug|Win32.Build.0 = Debug|Win32
		{39DBD0F3-104B-3C19-B15A-5907B0E2A6E8}.Release|Win32.ActiveCfg = Release|Win32
		{39DBD0F3-104B-3C19-B15A-5907B0E2A6E8}.Release|Win32.Build.0 = Release|Win32
		{39DBD0F3-104B-3C19-B15A-5907B0E2A6E8}.MinSizeRel|Win32.ActiveCfg = MinSizeRel|Win32
		{39DBD0F3-104B-3C19-B15A-5907B0E2A6E8}.MinSizeRel|Win32.Build.0 = MinSizeRel|Win32
		{39DBD0F3-104B-3C19-B15A-5907B0E2A6E8}.RelWithDebInfo|Win32.ActiveCfg = RelWithDebInfo|Win32
		{39DBD0F3-104B-3C19-B15A-5907B0E2A6E8}.RelWithDebInfo|Win32.Build.0 = RelWithDebInfo|Win32
		{35E24A02-8BCE-34D0-A9C8-B36EEF4C49D4}.Debug|Win32.ActiveCfg = Debug|Win32
		{35E24A02-8BCE-34D0-A9C8-B36EEF4C49D4}.Debug|Win32.Build.0 = Debug|Win32
		{35E24A02-8BCE-34D0-A9C8-B36EEF4C49D4}.Release|Win32.ActiveCfg = Release|Win32
		{35E24A02-8BCE-34D0-A9C8-B36EEF4C49D4}.Release|Win32.Build.0 = Release|Win32
		{35E24A02-8BCE-34D0-A9C8-B36EEF4C49D4}.MinSizeRel|Win32.ActiveCfg = MinSizeRel|Win32
		{35E24A02-8BCE-34D0-A9C8-B36EEF4C49D4}.MinSizeRel|Win32.Build.0 = MinSizeRel|Win32
		{35E24A02-8BCE-34D0-A9C8-B36EEF4C49D4}.RelWithDebInfo|Win32.ActiveCfg = RelWithDebInfo|Win32
		{35E24A02-8BCE-34D0-A9C8-B36EEF4C49D4}.RelWithDebInfo|Win32.Build.0 = RelWithDebInfo|Win32
		{C026B485-758F-3EB3-AA0E-534EF9A36A88}.Debug|Win32.ActiveCfg = Debug|Win32
		{C026B485-758F-3EB3-AA0E-534EF9A36A88}.Debug|Win32.Build.0 = Debug|Win32
		{C026B485-758F-3EB3-AA0E-534EF9A36A88}.Release|Win32.ActiveCfg = Release|Win32
		{C026B485-758F-3EB3-AA0E-534EF9A36A88}.Release|Win32.Build.0 = Release|Win32
		{C026B485-758F-3EB3-AA0E-534EF9A36A88}.MinSizeRel|Win32.ActiveCfg = MinSizeRel|Win32
		{C026B485-758F-3EB3-AA0E-534EF9A36A88}.MinSizeRel|Win32.Build.0 = MinSizeRel|Win32
		{C026B485-758F-3EB3-AA0E-534EF9A36A88}.RelWithDebInfo|Win32.ActiveCfg = RelWithDebInfo|Win32
		{C026B485-758F-3EB3-AA0E-534EF9A36A88}.RelWithDebInfo|Win32.Build.0 = RelWithDebInfo|Win32
		{827DB545-5658-3B83-82F0-EBB82FC05AC1}.Debug|Win32.ActiveCfg = Debug|Win32
		{827DB545-5658-3B83-82F0-EBB82FC05AC1}.Debug|Win32.Build.0 = Debug|Win32
		{827DB545-5658-3B83-82F0-EBB82FC05AC1}.Release|Win32.ActiveCfg = Release|Win32
		{827DB545-5658-3B83-82F0-EBB82FC05AC1}.Release|Win32.Build.0 = Release|Win32
		{827DB545-5658-3B83-82F0-EBB82FC05AC1}.MinSizeRel|Win32.ActiveCfg = MinSizeRel|Win32
		{827DB545-5658-3B83-82F0-EBB82FC05AC1}.MinSizeRel|Win32.Build.0 = MinSizeRel|Win32
		{827DB545-5658-3B83-82F0-EBB82FC05AC1}.RelWithDebInfo|Win32.ActiveCfg = RelWithDebInfo|Win32
		{827DB545-5658-3B83-82F0-EBB82FC05AC1}.RelWithDebInfo|Win32.Build.0 = RelWithDebInfo|Win32
		{5FD6ABDF-FBC4-32FB-BD29-06F060BD304A}.Debug|Win32.ActiveCfg = Debug|Win32
		{5FD6ABDF-FBC4-32FB-BD29-06F060BD304A}.Debug|Win32.Build.0 = Debug|Win32
		{5FD6ABDF-FBC4-32FB-BD29-06F060BD304A}.Release|Win32.ActiveCfg = Release|Win32
		{5FD6ABDF-FBC4-32FB-BD29-06F060BD304A}.Release|Win32.Build.0 = Release|Win32
		{5FD6ABDF-FBC4-32FB-BD29-06F060BD304A}.MinSizeRel|Win32.ActiveCfg = MinSizeRel|Win32
		{5FD6ABDF-FBC4-32FB-BD29-06F060BD304A}.MinSizeRel|Win32.Build.0 = MinSizeRel|Win32
		{5FD6ABDF-FBC4-32FB-BD29-06F060BD304A}.RelWithDebInfo|Win32.ActiveCfg = RelWithDebInfo|Win32
		{5FD6ABDF-FBC4-32FB-BD29-06F060BD304A}.RelWithDebInfo|Win32.Build.0 = RelWithDebInfo|Win32
		{FEAB925D-0DEA-312A-A9D1-F94A486CBD43}.Debug|Win32.ActiveCfg = Debug|Win32
		{FEAB925D-0DEA-312A-A9D1-F94A486CBD43}.Debug|Win32.Build.0 = Debug|Win32
		{FEAB925D-0DEA-312A-A9D1-F94A486CBD43}.Release|Win32.ActiveCfg = Release|Win32
		{FEAB925D-0DEA-312A-A9D1-F94A486CBD43}.Release|Win32.Build.0 = Release|Win32
		{FEAB925D-0DEA-312A-A9D1-F94A486CBD43}.MinSizeRel|Win32.ActiveCfg = MinSizeRel|Win32
		{FEAB925D-0DEA-312A-A9D1-F94A486CBD43}.MinSizeRel|Win32.Build.0 = MinSizeRel|Win32
		{FEAB925D-0DEA-312A-A9D1-F94A486CBD43}.RelWithDebInfo|Win32.ActiveCfg = RelWithDebInfo|Win32
		{FEAB925D-0DEA-312A-A9D1-F94A486CBD43}.RelWithDebInfo|Win32.Build.0 = RelWithDebInfo|Win32
		{D665D7B8-3EC5-3C4B-9005-7A3702F64B36}.Debug|Win32.ActiveCfg = Debug|Win32
		{D665D7B8-3EC5-3C4B-9005-7A3702F64B36}.Debug|Win32.Build.0 = Debug|Win32
		{D665D7B8-3EC5-3C4B-9005-7A3702F64B36}.Release|Win32.ActiveCfg = Release|Win32
		{D665D7B8-3EC5-3C4B-9005-7A3702F64B36}.Release|Win32.Build.0 = Release|Win32
		{D665D7B8-3EC5-3C4B-9005-7A3702F64B36}.MinSizeRel|Win32.ActiveCfg = MinSizeRel|Win32
		{D665D7B8-3EC5-3C4B-9005-7A3702F64B36}.MinSizeRel|Win32.Build.0 = MinSizeRel|Win32
		{D665D7B8-3EC5-3C4B-9005-7A3702F64B36}.RelWithDebInfo|Win32.ActiveCfg = RelWithDebInfo|Win32
		{D665D7B8-3EC5-3C4B-9005-7A3702F64B36}.RelWithDebInfo|Win32.Build.0 = RelWithDebInfo|Win32
		{49AE0A20-6239-3779-A6CE-067CC83D4981}.Debug|Win32.ActiveCfg = Debug|Win32
		{49AE0A20-6239-3779-A6CE-067CC83D4981}.Debug|Win32.Build.0 = Debug|Win32
		{49AE0A20-6239-3779-A6CE-067CC83D4981}.Release|Win32.ActiveCfg = Release|Win32
		{49AE0A20-6239-3779-A6CE-067CC83D4981}.Release|Win32.Build.0 = Release|Win32
		{49AE0A20-6239-3779-A6CE-067CC83D4981}.MinSizeRel|Win32.ActiveCfg = MinSizeRel|Win32
		{49AE0A20-6239-3779-A6CE-067CC83D4981}.MinSizeRel|Win32.Build.0 = MinSizeRel|Win32
		{49AE0A20-6239-3779-A6CE-067CC83D4981}.RelWithDebInfo|Win32.ActiveCfg = RelWithDebInfo|Win32
		{49AE0A20-6239-3779-A6CE-067CC83D4981}.RelWithDebInfo|Win32.Build.0 = RelWithDebInfo|Win32
		{EEB541A7-CC69-30C8-BBE6-07DF3B0B4443}.Debug|Win32.ActiveCfg = Debug|Win32
		{EEB541A7-CC69-30C8-BBE6-07DF3B0B4443}.Debug|Win32.Build.0 = Debug|Win32
		{EEB541A7-CC69-30C8-BBE6-07DF3B0B4443}.Release|Win32.ActiveCfg = Release|Win32
		{EEB541A7-CC69-30C8-BBE6-07DF3B0B4443}.Release|Win32.Build.0 = Release|Win32
		{EEB541A7-CC69-30C8-BBE6-07DF3B0B4443}.MinSizeRel|Win32.ActiveCfg = MinSizeRel|Win32
		{EEB541A7-CC69-30C8-BBE6-07DF3B0B4443}.MinSizeRel|Win32.Build.0 = MinSizeRel|Win32
		{EEB541A7-CC69-30C8-BBE6-07DF3B0B4443}.RelWithDebInfo|Win32.ActiveCfg = RelWithDebInfo|Win32
		{EEB541A7-CC69-30C8-BBE6-07DF3B0B4443}.RelWithDebInfo|Win32.Build.0 = RelWithDebInfo|Win32
		{BD6BED7C-0AAE-39BB-8C09-5A96D0D82DE5}.Debug|Win32.ActiveCfg = Debug|Win32
		{BD6BED7C-0AAE-39BB-8C09-5A96D0D82DE5}.Debug|Win32.Build.0 = Debug|Win32
		{BD6BED7C-0AAE-39BB-8C09-5A96D0D82DE5}.Release|Win32.ActiveCfg = Release|Win32
		{BD6BED7C-0AAE-39BB-8C09-5A96D0D82DE5}.Release|Win32.Build.0 = Release|Win32
		{BD6BED7C-0AAE-39BB-8C09-5A96D0D82DE5}.MinSizeRel|Win32.ActiveCfg = MinSizeRel|Win32
		{BD6BED7C-0AAE-39BB-8C09-5A96D0D82DE5}.MinSizeRel|Win32.Build.0 = MinSizeRel|Win32
		{BD6BED7C-0AAE-39BB-8C09-5A96D0D82DE5}.RelWithDebInfo|Win32.ActiveCfg = RelWithDebInfo|Win32
		{BD6BED7C-0AAE-39BB-8C09-5A96D0D82DE5}.RelWithDebInfo|Win32.Build.0 = RelWithDebInfo|Win32
		{729AF0E6-024A-355F-9457-86CC3CD0625E}.Debug|Win32.ActiveCfg = Debug|Win32
		{729AF0E6-024A-355F-9457-86CC3CD0625E}.Debug|Win32.Build.0 = Debug|Win32
		{729AF0E6-024A-355F-9457-86CC3CD0625E}.Release|Win32.ActiveCfg = Release|Win32
		{729AF0E6-024A-355F-9457-86CC3CD0625E}.Release|Win32.Build.0 = Release|Win32
		{729AF0E6-024A-355F-9457-86CC3CD0625E}.MinSizeRel|Win32.ActiveCfg = MinSizeRel|Win32
		{729AF0E6-024A-355F-9457-86CC3CD0625E}.MinSizeRel|Win32.Build.0 = MinSizeRel|Win32
		{729AF0E6-024A-355F-9457-86CC3CD0625E}.RelWithDebInfo|Win32.ActiveCfg = RelWithDebInfo|Win32
		{729AF0E6-024A-355F-9457-86CC3CD0625E}.RelWithDebInfo|Win32.Build.0 = RelWithDebInfo|Win32
	EndGlobalSection
	GlobalSection(NestedProjects) = preSolution
		{B389E64A-658F-3FD2-9DD1-5D0EA1F49DEF} = {70756B09-F883-31E4-AF52-5641E85B0A6E}
		{97333B05-8A6E-3445-8FAF-C734AC776193} = {70756B09-F883-31E4-AF52-5641E85B0A6E}
		{39DBD0F3-104B-3C19-B15A-5907B0E2A6E8} = {8F2A32FF-E745-392A-AE06-8BE837517699}
		{35E24A02-8BCE-34D0-A9C8-B36EEF4C49D4} = {8F2A32FF-E745-392A-AE06-8BE837517699}
		{C026B485-758F-3EB3-AA0E-534EF9A36A88} = {8F2A32FF-E745-392A-AE06-8BE837517699}
		{827DB545-5658-3B83-82F0-EBB82FC05AC1} = {8F2A32FF-E745-392A-AE06-8BE837517699}
		{5FD6ABDF-FBC4-32FB-BD29-06F060BD304A} = {8F2A32FF-E745-392A-AE06-8BE837517699}
		{FEAB925D-0DEA-312A-A9D1-F94A486CBD43} = {8F2A32FF-E745-392A-AE06-8BE837517699}
		{D665D7B8-3EC5-3C4B-9005-7A3702F64B36} = {8F2A32FF-E745-392A-AE06-8BE837517699}
		{49AE0A20-6239-3779-A6CE-067CC83D4981} = {8F2A32FF-E745-392A-AE06-8BE837517699}
		{EEB541A7-CC69-30C8-BBE6-07DF3B0B4443} = {8F2A32FF-E745-392A-AE06-8BE837517699}
		{BD6BED7C-0AAE-39BB-8C09-5A96D0D82DE5} = {8F2A32FF-E745-392A-AE06-8BE837517699}
		{729AF0E6-024A-355F-9457-86CC3CD0625E} = {8F2A32FF-E745-392A-AE06-8BE837517699}
		{16A5FE30-B67D-3B05-8C15-77EA2352697A} = {DC8CACD2-D55A-3AEE-B06E-F0D813FAFD2E}
		{213CA9CD-543A-3224-844B-F4323385B422} = {AB49ACC9-FFAC-3BF2-867C-76CF65A10307}
	EndGlobalSection
	GlobalSection(ExtensibilityGlobals) = postSolution
		SolutionGuid = {E96DB8C4-84AD-3643-A6E7-D823D247F794}
	EndGlobalSection
	GlobalSection(ExtensibilityAddIns) = postSolution
	EndGlobalSection
EndGlobal
